// !$*UTF8*$!
{
	archiveVersion = 1;
	classes = {
	};
	objectVersion = 46;
	objects = {

/* Begin PBXBuildFile section */
		174F6BA61DB2F6E700BCBA88 /* SDL2.framework in Frameworks */ = {isa = PBXBuildFile; fileRef = 174F6BA51DB2F6E700BCBA88 /* SDL2.framework */; };
		174F6BAC1DB2FA7B00BCBA88 /* main.cpp in Sources */ = {isa = PBXBuildFile; fileRef = 174F6BAB1DB2FA7B00BCBA88 /* main.cpp */; };
/* End PBXBuildFile section */

/* Begin PBXCopyFilesBuildPhase section */
		174F6B981DB2F68C00BCBA88 /* CopyFiles */ = {
			isa = PBXCopyFilesBuildPhase;
			buildActionMask = 2147483647;
			dstPath = /usr/share/man/man1/;
			dstSubfolderSpec = 0;
			files = (
			);
			runOnlyForDeploymentPostprocessing = 1;
		};
/* End PBXCopyFilesBuildPhase section */

/* Begin PBXFileReference section */
		174F6B9A1DB2F68C00BCBA88 /* Learn SDL */ = {isa = PBXFileReference; explicitFileType = "compiled.mach-o.executable"; includeInIndex = 0; path = "Learn SDL"; sourceTree = BUILT_PRODUCTS_DIR; };
		174F6BA51DB2F6E700BCBA88 /* SDL2.framework */ = {isa = PBXFileReference; lastKnownFileType = wrapper.framework; name = SDL2.framework; path = ../../../../../../Library/Frameworks/SDL2.framework; sourceTree = "<group>"; };
		174F6BAB1DB2FA7B00BCBA88 /* main.cpp */ = {isa = PBXFileReference; fileEncoding = 4; lastKnownFileType = sourcecode.cpp.cpp; path = main.cpp; sourceTree = "<group>"; };
		174F6BAD1DB2FAFE00BCBA88 /* sdl_guard.h */ = {isa = PBXFileReference; lastKnownFileType = sourcecode.c.h; path = sdl_guard.h; sourceTree = "<group>"; };
/* End PBXFileReference section */

/* Begin PBXFrameworksBuildPhase section */
		174F6B971DB2F68C00BCBA88 /* Frameworks */ = {
			isa = PBXFrameworksBuildPhase;
			buildActionMask = 2147483647;
			files = (
				174F6BA61DB2F6E700BCBA88 /* SDL2.framework in Frameworks */,
			);
			runOnlyForDeploymentPostprocessing = 0;
		};
/* End PBXFrameworksBuildPhase section */

/* Begin PBXGroup section */
		174F6B911DB2F68C00BCBA88 = {
			isa = PBXGroup;
			children = (
				174F6B9C1DB2F68C00BCBA88 /* Learn SDL */,
				174F6B9B1DB2F68C00BCBA88 /* Products */,
				174F6BA41DB2F6E700BCBA88 /* Frameworks */,
			);
			sourceTree = "<group>";
		};
		174F6B9B1DB2F68C00BCBA88 /* Products */ = {
			isa = PBXGroup;
			children = (
				174F6B9A1DB2F68C00BCBA88 /* Learn SDL */,
			);
			name = Products;
			sourceTree = "<group>";
		};
		174F6B9C1DB2F68C00BCBA88 /* Learn SDL */ = {
			isa = PBXGroup;
			children = (
				174F6BAB1DB2FA7B00BCBA88 /* main.cpp */,
				174F6BAD1DB2FAFE00BCBA88 /* sdl_guard.h */,
			);
			path = "Learn SDL";
			sourceTree = "<group>";
		};
		174F6BA41DB2F6E700BCBA88 /* Frameworks */ = {
			isa = PBXGroup;
			children = (
				174F6BA51DB2F6E700BCBA88 /* SDL2.framework */,
			);
			name = Frameworks;
			sourceTree = "<group>";
		};
/* End PBXGroup section */

/* Begin PBXNativeTarget section */
		174F6B991DB2F68C00BCBA88 /* Learn SDL */ = {
			isa = PBXNativeTarget;
			buildConfigurationList = 174F6BA11DB2F68C00BCBA88 /* Build configuration list for PBXNativeTarget "Learn SDL" */;
			buildPhases = (
				174F6B961DB2F68C00BCBA88 /* Sources */,
				174F6B971DB2F68C00BCBA88 /* Frameworks */,
				174F6B981DB2F68C00BCBA88 /* CopyFiles */,
			);
			buildRules = (
			);
			dependencies = (
			);
			name = "Learn SDL";
			productName = "Learn SDL";
			productReference = 174F6B9A1DB2F68C00BCBA88 /* Learn SDL */;
			productType = "com.apple.product-type.tool";
		};
/* End PBXNativeTarget section */

/* Begin PBXProject section */
		174F6B921DB2F68C00BCBA88 /* Project object */ = {
			isa = PBXProject;
			attributes = {
				LastUpgradeCheck = 0800;
				ORGANIZATIONNAME = "Jordan Osborn";
				TargetAttributes = {
					174F6B991DB2F68C00BCBA88 = {
						CreatedOnToolsVersion = 8.0;
						ProvisioningStyle = Automatic;
					};
				};
			};
			buildConfigurationList = 174F6B951DB2F68C00BCBA88 /* Build configuration list for PBXProject "Learn SDL" */;
			compatibilityVersion = "Xcode 3.2";
			developmentRegion = English;
			hasScannedForEncodings = 0;
			knownRegions = (
				en,
			);
			mainGroup = 174F6B911DB2F68C00BCBA88;
			productRefGroup = 174F6B9B1DB2F68C00BCBA88 /* Products */;
			projectDirPath = "";
			projectRoot = "";
			targets = (
				174F6B991DB2F68C00BCBA88 /* Learn SDL */,
			);
		};
/* End PBXProject section */

/* Begin PBXSourcesBuildPhase section */
		174F6B961DB2F68C00BCBA88 /* Sources */ = {
			isa = PBXSourcesBuildPhase;
			buildActionMask = 2147483647;
			files = (
				174F6BAC1DB2FA7B00BCBA88 /* main.cpp in Sources */,
			);
			runOnlyForDeploymentPostprocessing = 0;
		};
/* End PBXSourcesBuildPhase section */

/* Begin XCBuildConfiguration section */
		174F6B9F1DB2F68C00BCBA88 /* Debug */ = {
			isa = XCBuildConfiguration;
			buildSettings = {
				ALWAYS_SEARCH_USER_PATHS = NO;
				CLANG_ANALYZER_NONNULL = YES;
				CLANG_CXX_LANGUAGE_STANDARD = "gnu++0x";
				CLANG_CXX_LIBRARY = "libc++";
				CLANG_ENABLE_MODULES = YES;
				CLANG_ENABLE_OBJC_ARC = YES;
				CLANG_WARN_BOOL_CONVERSION = YES;
				CLANG_WARN_CONSTANT_CONVERSION = YES;
				CLANG_WARN_DIRECT_OBJC_ISA_USAGE = YES_ERROR;
				CLANG_WARN_DOCUMENTATION_COMMENTS = YES;
				CLANG_WARN_EMPTY_BODY = YES;
				CLANG_WARN_ENUM_CONVERSION = YES;
				CLANG_WARN_INFINITE_RECURSION = YES;
				CLANG_WARN_INT_CONVERSION = YES;
				CLANG_WARN_OBJC_ROOT_CLASS = YES_ERROR;
				CLANG_WARN_SUSPICIOUS_MOVES = YES;
				CLANG_WARN_UNREACHABLE_CODE = YES;
				CLANG_WARN__DUPLICATE_METHOD_MATCH = YES;
				CODE_SIGN_IDENTITY = "-";
				COPY_PHASE_STRIP = NO;
				DEBUG_INFORMATION_FORMAT = dwarf;
				ENABLE_STRICT_OBJC_MSGSEND = YES;
				ENABLE_TESTABILITY = YES;
				GCC_C_LANGUAGE_STANDARD = gnu99;
				GCC_DYNAMIC_NO_PIC = NO;
				GCC_NO_COMMON_BLOCKS = YES;
				GCC_OPTIMIZATION_LEVEL = 0;
				GCC_PREPROCESSOR_DEFINITIONS = (
					"DEBUG=1",
					"$(inherited)",
				);
				GCC_WARN_64_TO_32_BIT_CONVERSION = YES;
				GCC_WARN_ABOUT_RETURN_TYPE = YES_ERROR;
				GCC_WARN_UNDECLARED_SELECTOR = YES;
				GCC_WARN_UNINITIALIZED_AUTOS = YES_AGGRESSIVE;
				GCC_WARN_UNUSED_FUNCTION = YES;
				GCC_WARN_UNUSED_VARIABLE = YES;
				MACOSX_DEPLOYMENT_TARGET = 10.12;
				MTL_ENABLE_DEBUG_INFO = YES;
				ONLY_ACTIVE_ARCH = YES;
				SDKROOT = macosx;
			};
			name = Debug;
		};
		174F6BA01DB2F68C00BCBA88 /* Release */ = {
			isa = XCBuildConfiguration;
			buildSettings = {
				ALWAYS_SEARCH_USER_PATHS = NO;
				CLANG_ANALYZER_NONNULL = YES;
				CLANG_CXX_LANGUAGE_STANDARD = "gnu++0x";
				CLANG_CXX_LIBRARY = "libc++";
				CLANG_ENABLE_MODULES = YES;
				CLANG_ENABLE_OBJC_ARC = YES;
				CLANG_WARN_BOOL_CONVERSION = YES;
				CLANG_WARN_CONSTANT_CONVERSION = YES;
				CLANG_WARN_DIRECT_OBJC_ISA_USAGE = YES_ERROR;
				CLANG_WARN_DOCUMENTATION_COMMENTS = YES;
				CLANG_WARN_EMPTY_BODY = YES;
				CLANG_WARN_ENUM_CONVERSION = YES;
				CLANG_WARN_INFINITE_RECURSION = YES;
				CLANG_WARN_INT_CONVERSION = YES;
				CLANG_WARN_OBJC_ROOT_CLASS = YES_ERROR;
				CLANG_WARN_SUSPICIOUS_MOVES = YES;
				CLANG_WARN_UNREACHABLE_CODE = YES;
				CLANG_WARN__DUPLICATE_METHOD_MATCH = YES;
				CODE_SIGN_IDENTITY = "-";
				COPY_PHASE_STRIP = NO;
				DEBUG_INFORMATION_FORMAT = "dwarf-with-dsym";
				ENABLE_NS_ASSERTIONS = NO;
				ENABLE_STRICT_OBJC_MSGSEND = YES;
				GCC_C_LANGUAGE_STANDARD = gnu99;
				GCC_NO_COMMON_BLOCKS = YES;
				GCC_WARN_64_TO_32_BIT_CONVERSION = YES;
				GCC_WARN_ABOUT_RETURN_TYPE = YES_ERROR;
				GCC_WARN_UNDECLARED_SELECTOR = YES;
				GCC_WARN_UNINITIALIZED_AUTOS = YES_AGGRESSIVE;
				GCC_WARN_UNUSED_FUNCTION = YES;
				GCC_WARN_UNUSED_VARIABLE = YES;
				MACOSX_DEPLOYMENT_TARGET = 10.12;
				MTL_ENABLE_DEBUG_INFO = NO;
				SDKROOT = macosx;
			};
			name = Release;
		};
		174F6BA21DB2F68C00BCBA88 /* Debug */ = {
			isa = XCBuildConfiguration;
			buildSettings = {
				FRAMEWORK_SEARCH_PATHS = (
					"$(inherited)",
					"$(LOCAL_LIBRARY_DIR)/Frameworks",
				);
				PRODUCT_NAME = "$(TARGET_NAME)";
			};
			name = Debug;
		};
		174F6BA31DB2F68C00BCBA88 /* Release */ = {
			isa = XCBuildConfiguration;
			buildSettings = {
				FRAMEWORK_SEARCH_PATHS = (
					"$(inherited)",
					"$(LOCAL_LIBRARY_DIR)/Frameworks",
				);
				PRODUCT_NAME = "$(TARGET_NAME)";
			};
			name = Release;
		};
/* End XCBuildConfiguration section */

/* Begin XCConfigurationList section */
		174F6B951DB2F68C00BCBA88 /* Build configuration list for PBXProject "Learn SDL" */ = {
			isa = XCConfigurationList;
			buildConfigurations = (
				174F6B9F1DB2F68C00BCBA88 /* Debug */,
				174F6BA01DB2F68C00BCBA88 /* Release */,
			);
			defaultConfigurationIsVisible = 0;
			defaultConfigurationName = Release;
		};
		174F6BA11DB2F68C00BCBA88 /* Build configuration list for PBXNativeTarget "Learn SDL" */ = {
			isa = XCConfigurationList;
			buildConfigurations = (
				174F6BA21DB2F68C00BCBA88 /* Debug */,
				174F6BA31DB2F68C00BCBA88 /* Release */,
			);
			defaultConfigurationIsVisible = 0;
		};
/* End XCConfigurationList section */
	};
	rootObject = 174F6B921DB2F68C00BCBA88 /* Project object */;
}
